
Microsoft Visual Studio Solution File, Format Version 12.00
# Visual Studio 15
VisualStudioVersion = 15.0.28307.1433
MinimumVisualStudioVersion = 10.0.40219.1
Project("{FAE04EC0-301F-11D3-BF4B-00C04F79EFBC}") = "计算机网络在线教学平台", "计算机网络在线教学平台\计算机网络在线教学平台.csproj", "{208FE65D-5B89-454C-B44A-D759CD46FD9C}"
EndProject
Global
	GlobalSection(SolutionConfigurationPlatforms) = preSolution
		Debug|Any CPU = Debug|Any CPU
		Release|Any CPU = Release|Any CPU
	EndGlobalSection
	GlobalSection(ProjectConfigurationPlatforms) = postSolution
		{208FE65D-5B89-454C-B44A-D759CD46FD9C}.Debug|Any CPU.ActiveCfg = Debug|Any CPU
		{208FE65D-5B89-454C-B44A-D759CD46FD9C}.Debug|Any CPU.Build.0 = Debug|Any CPU
		{208FE65D-5B89-454C-B44A-D759CD46FD9C}.Release|Any CPU.ActiveCfg = Release|Any CPU
		{208FE65D-5B89-454C-B44A-D759CD46FD9C}.Release|Any CPU.Build.0 = Release|Any CPU
	EndGlobalSection
	GlobalSection(SolutionProperties) = preSolution
		HideSolutionNode = FALSE
	EndGlobalSection
	GlobalSection(ExtensibilityGlobals) = postSolution
		SolutionGuid = {86B530CB-3183-4BFC-9EE0-9DC5FA5ABF46}
	EndGlobalSection
EndGlobal
