
Microsoft Visual Studio Solution File, Format Version 12.00
# Visual Studio 15
VisualStudioVersion = 15.0.28307.1433
MinimumVisualStudioVersion = 10.0.40219.1
Project("{FAE04EC0-301F-11D3-BF4B-00C04F79EFBC}") = "计算机网络在线教学系统", "计算机网络在线教学系统\计算机网络在线教学系统.csproj", "{015B0CEB-A808-42DF-B254-3AC808610CD0}"
EndProject
Global
	GlobalSection(SolutionConfigurationPlatforms) = preSolution
		Debug|Any CPU = Debug|Any CPU
		Release|Any CPU = Release|Any CPU
	EndGlobalSection
	GlobalSection(ProjectConfigurationPlatforms) = postSolution
		{015B0CEB-A808-42DF-B254-3AC808610CD0}.Debug|Any CPU.ActiveCfg = Debug|Any CPU
		{015B0CEB-A808-42DF-B254-3AC808610CD0}.Debug|Any CPU.Build.0 = Debug|Any CPU
		{015B0CEB-A808-42DF-B254-3AC808610CD0}.Release|Any CPU.ActiveCfg = Release|Any CPU
		{015B0CEB-A808-42DF-B254-3AC808610CD0}.Release|Any CPU.Build.0 = Release|Any CPU
	EndGlobalSection
	GlobalSection(SolutionProperties) = preSolution
		HideSolutionNode = FALSE
	EndGlobalSection
	GlobalSection(ExtensibilityGlobals) = postSolution
		SolutionGuid = {9BB073F0-0EC6-43DB-9ED6-BDCB936CACE9}
	EndGlobalSection
EndGlobal
